
Microsoft Visual Studio Solution File, Format Version 12.00
# Visual Studio Version 16
VisualStudioVersion = 16.0.31105.61
MinimumVisualStudioVersion = 10.0.40219.1
Project("{9A19103F-16F7-4668-BE54-9A1E7A4F7556}") = "BlogAPI", "Blog\BlogAPI.csproj", "{DA03C160-BD0B-4212-882E-6A024B58B1DC}"
EndProject
Global
	GlobalSection(SolutionConfigurationPlatforms) = preSolution
		Debug|Any CPU = Debug|Any CPU
		Release|Any CPU = Release|Any CPU
	EndGlobalSection
	GlobalSection(ProjectConfigurationPlatforms) = postSolution
		{DA03C160-BD0B-4212-882E-6A024B58B1DC}.Debug|Any CPU.ActiveCfg = Debug|Any CPU
		{DA03C160-BD0B-4212-882E-6A024B58B1DC}.Debug|Any CPU.Build.0 = Debug|Any CPU
		{DA03C160-BD0B-4212-882E-6A024B58B1DC}.Release|Any CPU.ActiveCfg = Release|Any CPU
		{DA03C160-BD0B-4212-882E-6A024B58B1DC}.Release|Any CPU.Build.0 = Release|Any CPU
	EndGlobalSection
	GlobalSection(SolutionProperties) = preSolution
		HideSolutionNode = FALSE
	EndGlobalSection
	GlobalSection(ExtensibilityGlobals) = postSolution
		SolutionGuid = {1924FBD9-8A30-426C-AD19-B938AFBCCA3B}
	EndGlobalSection
EndGlobal
